<?xml version="1.0" encoding="utf-8"?>
<Project ToolsVersion="4.0" xmlns="http://schemas.microsoft.com/developer/msbuild/2003">
  <ItemGroup>
    <Image Include="..\..\..\SharedContent\media\smalltile-sdk.png">
      <Filter>Assets</Filter>
    </Image>
    <Image Include="..\..\..\SharedContent\media\splash-sdk.png">
      <Filter>Assets</Filter>
    </Image>
    <Image Include="..\..\..\SharedContent\media\squaretile-sdk.png">
      <Filter>Assets</Filter>
    </Image>
    <Image Include="..\..\..\SharedContent\media\storelogo-sdk.png">
      <Filter>Assets</Filter>
    </Image>
    <Image Include="..\..\..\SharedContent\media\tile-sdk.png">
      <Filter>Assets</Filter>
    </Image>
    <Image Include="..\..\..\SharedContent\media\windows-sdk.png">
      <Filter>Assets</Filter>
    </Image>
    <Filter Include="Assets">
      <UniqueIdentifier>049a7339-f1f2-42e4-8e45-7009e5d83c17</UniqueIdentifier>
      <Extensions>bmp;fbx;gif;jpg;jpeg;tga;tiff;tif;png</Extensions>
    </Filter>
    <Image Include="Assets\Images\Main_Menu_Template.png">
      <Filter>Assets\Images</Filter>
    </Image>
    <Image Include="Assets\Images\Talk_UP.png">
      <Filter>Assets\Images</Filter>
    </Image>
    <Image Include="Assets\Images\Design_UP.png">
      <Filter>Assets\Images</Filter>
    </Image>
    <Image Include="Assets\Images\Quit_UP.png">
      <Filter>Assets\Images</Filter>
    </Image>
    <Image Include="Assets\Images\See_UP.png">
      <Filter>Assets\Images</Filter>
    </Image>
    <Image Include="Assets\Images\Where_UP.png">
      <Filter>Assets\Images</Filter>
    </Image>
    <Image Include="Assets\Images\Let_UP.png">
      <Filter>Assets\Images</Filter>
    </Image>
    <Image Include="Assets\Textures\Texture_Test.dds">
      <Filter>Assets\Textures</Filter>
    </Image>
    <Image Include="Assets\Images\Options_UP.png">
      <Filter>Assets\Images</Filter>
    </Image>
    <Image Include="Assets\Images\Twitch_PoE_Still.png">
      <Filter>Assets\Images</Filter>
    </Image>
    <Image Include="Assets\Images\Twitch_DD_Still.png">
      <Filter>Assets\Images</Filter>
    </Image>
    <Image Include="Assets\Images\Twitch_DD_Still_Grey.png">
      <Filter>Assets\Images</Filter>
    </Image>
    <Image Include="Assets\Images\Twitch_PoE_Still_Grey.png">
      <Filter>Assets\Images</Filter>
    </Image>
    <Image Include="Assets\Images\Twitch_Hype.png">
      <Filter>Assets\Images</Filter>
    </Image>
    <Image Include="Assets\Images\Back_Button_BW.png">
      <Filter>Assets\Images</Filter>
    </Image>
    <Image Include="Assets\Images\Death_Loop.png">
      <Filter>Assets\Images</Filter>
    </Image>
    <Image Include="Assets\Images\Endless_Masquerade.png">
      <Filter>Assets\Images</Filter>
    </Image>
    <Image Include="Assets\Images\Franchise_Development.png">
      <Filter>Assets\Images</Filter>
    </Image>
    <Image Include="Assets\Images\Legion_Alone.png">
      <Filter>Assets\Images</Filter>
    </Image>
    <Image Include="Assets\Images\Rainbow_Ring.png">
      <Filter>Assets\Images</Filter>
    </Image>
    <Image Include="Assets\Images\Reapers_Delight.png">
      <Filter>Assets\Images</Filter>
    </Image>
    <Image Include="Assets\Images\Soul_Ascent.png">
      <Filter>Assets\Images</Filter>
    </Image>
    <Image Include="Assets\Images\Tech_Blade.png">
      <Filter>Assets\Images</Filter>
    </Image>
  </ItemGroup>
  <ItemGroup>
    <ApplicationDefinition Include="App.xaml" />
  </ItemGroup>
  <ItemGroup>
    <Page Include="DirectXPage.xaml" />
    <Page Include="GameUIStyles.xaml" />
    <Page Include="core\Twitch_Hype.xaml">
      <Filter>Core</Filter>
    </Page>
    <Page Include="Core\VideoPlayback.xaml">
      <Filter>Core</Filter>
    </Page>
    <Page Include="Core\SettingsPage.xaml">
      <Filter>Core</Filter>
    </Page>
  </ItemGroup>
  <ItemGroup>
    <ClCompile Include="App.xaml.cpp" />
    <ClCompile Include="DirectXPage.xaml.cpp" />
    <ClCompile Include="Audio\Audio.cpp">
      <Filter>Audio</Filter>
    </ClCompile>
    <ClCompile Include="Audio\MediaReader.cpp">
      <Filter>Audio</Filter>
    </ClCompile>
    <ClCompile Include="Audio\SoundEffect.cpp">
      <Filter>Audio</Filter>
    </ClCompile>
    <ClCompile Include="GameLevels\Level.cpp">
      <Filter>GameLevels</Filter>
    </ClCompile>
    <ClCompile Include="GameLevels\Level1.cpp">
      <Filter>GameLevels</Filter>
    </ClCompile>
    <ClCompile Include="GameLevels\Level2.cpp">
      <Filter>GameLevels</Filter>
    </ClCompile>
    <ClCompile Include="GameLevels\Level3.cpp">
      <Filter>GameLevels</Filter>
    </ClCompile>
    <ClCompile Include="GameLevels\Level4.cpp">
      <Filter>GameLevels</Filter>
    </ClCompile>
    <ClCompile Include="GameLevels\Level5.cpp">
      <Filter>GameLevels</Filter>
    </ClCompile>
    <ClCompile Include="GameLevels\Level6.cpp">
      <Filter>GameLevels</Filter>
    </ClCompile>
    <ClCompile Include="GameObjects\Animate.cpp">
      <Filter>GameObjects</Filter>
    </ClCompile>
    <ClCompile Include="GameObjects\Camera.cpp">
      <Filter>GameObjects</Filter>
    </ClCompile>
    <ClCompile Include="GameObjects\Cylinder.cpp">
      <Filter>GameObjects</Filter>
    </ClCompile>
    <ClCompile Include="GameObjects\Face.cpp">
      <Filter>GameObjects</Filter>
    </ClCompile>
    <ClCompile Include="GameObjects\GameObject.cpp">
      <Filter>GameObjects</Filter>
    </ClCompile>
    <ClCompile Include="GameObjects\Sphere.cpp">
      <Filter>GameObjects</Filter>
    </ClCompile>
    <ClCompile Include="Input\MoveLookController.cpp">
      <Filter>Input</Filter>
    </ClCompile>
    <ClCompile Include="Meshes\CylinderMesh.cpp">
      <Filter>Meshes</Filter>
    </ClCompile>
    <ClCompile Include="Meshes\FaceMesh.cpp">
      <Filter>Meshes</Filter>
    </ClCompile>
    <ClCompile Include="Meshes\SphereMesh.cpp">
      <Filter>Meshes</Filter>
    </ClCompile>
    <ClCompile Include="Meshes\WorldMesh.cpp">
      <Filter>Meshes</Filter>
    </ClCompile>
    <ClCompile Include="Rendering\Material.cpp">
      <Filter>Rendering</Filter>
    </ClCompile>
    <ClCompile Include="Rendering\StereoProjection.cpp">
      <Filter>Rendering</Filter>
    </ClCompile>
    <ClCompile Include="Rendering\TargetTexture.cpp">
      <Filter>Rendering</Filter>
    </ClCompile>
    <ClCompile Include="Resources\MeshObject.cpp">
      <Filter>Resources</Filter>
    </ClCompile>
    <ClCompile Include="Utilities\GameTimer.cpp">
      <Filter>Utilities</Filter>
    </ClCompile>
    <ClCompile Include="Utilities\BasicLoader.cpp">
      <Filter>Utilities</Filter>
    </ClCompile>
    <ClCompile Include="Utilities\BasicReaderWriter.cpp">
      <Filter>Utilities</Filter>
    </ClCompile>
    <ClCompile Include="Utilities\DDSTextureLoader.cpp">
      <Filter>Utilities</Filter>
    </ClCompile>
    <ClCompile Include="Utilities\DeviceResources.cpp">
      <Filter>Utilities</Filter>
    </ClCompile>
    <ClCompile Include="Utilities\PersistentState.cpp">
      <Filter>Utilities</Filter>
    </ClCompile>
    <ClCompile Include="pch.cpp" />
    <ClCompile Include="Core\GameMain.cpp">
      <Filter>Core</Filter>
    </ClCompile>
    <ClCompile Include="Core\ProductItem.cpp">
      <Filter>Core</Filter>
    </ClCompile>
    <ClCompile Include="Core\Simple3DGame.cpp">
      <Filter>Core</Filter>
    </ClCompile>
    <ClCompile Include="Rendering\GameHud.cpp">
      <Filter>Rendering</Filter>
    </ClCompile>
    <ClCompile Include="core\Twitch_Hype.xaml.cpp" />
    <ClCompile Include="Core\VideoPlayback.xaml.cpp" />
    <ClCompile Include="Core\SettingsPage.xaml.cpp" />
    <ClCompile Include="GameObjects\RectangularPrism.cpp">
      <Filter>GameObjects</Filter>
    </ClCompile>
    <ClCompile Include="Rendering\GameRenderer.cpp">
      <Filter>Rendering</Filter>
    </ClCompile>
    <ClCompile Include="GameObjects\BoundingBoxTest.cpp">
      <Filter>GameObjects\CollisionDetectionTools</Filter>
    </ClCompile>
    <ClCompile Include="GameObjects\CollisionDetectionTools\PrecisionCollision.cpp">
      <Filter>GameObjects\CollisionDetectionTools</Filter>
    </ClCompile>
  </ItemGroup>
  <ItemGroup>
    <ClInclude Include="App.xaml.h" />
    <ClInclude Include="DirectXPage.xaml.h" />
    <ClInclude Include="Audio\Audio.h">
      <Filter>Audio</Filter>
    </ClInclude>
    <ClInclude Include="Audio\MediaReader.h">
      <Filter>Audio</Filter>
    </ClInclude>
    <ClInclude Include="Audio\SoundEffect.h">
      <Filter>Audio</Filter>
    </ClInclude>
    <ClInclude Include="GameLevels\Level.h">
      <Filter>GameLevels</Filter>
    </ClInclude>
    <ClInclude Include="GameLevels\Level1.h">
      <Filter>GameLevels</Filter>
    </ClInclude>
    <ClInclude Include="GameLevels\Level2.h">
      <Filter>GameLevels</Filter>
    </ClInclude>
    <ClInclude Include="GameLevels\Level3.h">
      <Filter>GameLevels</Filter>
    </ClInclude>
    <ClInclude Include="GameLevels\Level4.h">
      <Filter>GameLevels</Filter>
    </ClInclude>
    <ClInclude Include="GameLevels\Level5.h">
      <Filter>GameLevels</Filter>
    </ClInclude>
    <ClInclude Include="GameLevels\Level6.h">
      <Filter>GameLevels</Filter>
    </ClInclude>
    <ClInclude Include="GameObjects\Animate.h">
      <Filter>GameObjects</Filter>
    </ClInclude>
    <ClInclude Include="GameObjects\Camera.h">
      <Filter>GameObjects</Filter>
    </ClInclude>
    <ClInclude Include="GameObjects\Cylinder.h">
      <Filter>GameObjects</Filter>
    </ClInclude>
    <ClInclude Include="GameObjects\Face.h">
      <Filter>GameObjects</Filter>
    </ClInclude>
    <ClInclude Include="GameObjects\GameConstants.h">
      <Filter>GameObjects</Filter>
    </ClInclude>
    <ClInclude Include="GameObjects\Sphere.h">
      <Filter>GameObjects</Filter>
    </ClInclude>
    <ClInclude Include="Input\MoveLookController.h">
      <Filter>Input</Filter>
    </ClInclude>
    <ClInclude Include="Meshes\CylinderMesh.h">
      <Filter>Meshes</Filter>
    </ClInclude>
    <ClInclude Include="Meshes\FaceMesh.h">
      <Filter>Meshes</Filter>
    </ClInclude>
    <ClInclude Include="Meshes\SphereMesh.h">
      <Filter>Meshes</Filter>
    </ClInclude>
    <ClInclude Include="Meshes\WorldMesh.h">
      <Filter>Meshes</Filter>
    </ClInclude>
    <ClInclude Include="Rendering\ConstantBuffers.h">
      <Filter>Rendering</Filter>
    </ClInclude>
    <ClInclude Include="Rendering\Material.h">
      <Filter>Rendering</Filter>
    </ClInclude>
    <ClInclude Include="Rendering\StereoProjection.h">
      <Filter>Rendering</Filter>
    </ClInclude>
    <ClInclude Include="Rendering\TargetTexture.h">
      <Filter>Rendering</Filter>
    </ClInclude>
    <ClInclude Include="Resources\MeshObject.h">
      <Filter>Resources</Filter>
    </ClInclude>
    <ClInclude Include="Utilities\GameTimer.h">
      <Filter>Utilities</Filter>
    </ClInclude>
    <ClInclude Include="Utilities\BasicLoader.h">
      <Filter>Utilities</Filter>
    </ClInclude>
    <ClInclude Include="Utilities\BasicMath.h">
      <Filter>Utilities</Filter>
    </ClInclude>
    <ClInclude Include="Utilities\BasicReaderWriter.h">
      <Filter>Utilities</Filter>
    </ClInclude>
    <ClInclude Include="Utilities\BasicShapes.h">
      <Filter>Utilities</Filter>
    </ClInclude>
    <ClInclude Include="Utilities\DDSTextureLoader.h">
      <Filter>Utilities</Filter>
    </ClInclude>
    <ClInclude Include="Utilities\DeviceResources.h">
      <Filter>Utilities</Filter>
    </ClInclude>
    <ClInclude Include="Utilities\DirectXSample.h">
      <Filter>Utilities</Filter>
    </ClInclude>
    <ClInclude Include="Utilities\PersistentState.h">
      <Filter>Utilities</Filter>
    </ClInclude>
    <ClInclude Include="pch.h" />
    <ClInclude Include="Core\GameMain.h">
      <Filter>Core</Filter>
    </ClInclude>
    <ClInclude Include="Core\GameUIConstants.h">
      <Filter>Core</Filter>
    </ClInclude>
    <ClInclude Include="Core\GameUIControl.h">
      <Filter>Core</Filter>
    </ClInclude>
    <ClInclude Include="Core\ProductItem.h">
      <Filter>Core</Filter>
    </ClInclude>
    <ClInclude Include="Core\Simple3DGame.h">
      <Filter>Core</Filter>
    </ClInclude>
    <ClInclude Include="Rendering\GameHud.h">
      <Filter>Rendering</Filter>
    </ClInclude>
    <ClInclude Include="Rendering\GameRenderer.h">
      <Filter>Rendering</Filter>
    </ClInclude>
    <ClInclude Include="core\Twitch_Hype.xaml.h" />
    <ClInclude Include="Core\VideoPlayback.xaml.h" />
    <ClInclude Include="Core\SettingsPage.xaml.h" />
    <ClInclude Include="Input\VirtualKey_IndexToStringVector.h">
      <Filter>Input</Filter>
    </ClInclude>
    <ClInclude Include="GameObjects\RectangularPrism.h">
      <Filter>GameObjects</Filter>
    </ClInclude>
    <ClInclude Include="GameObjects\GameObject.h">
      <Filter>GameObjects</Filter>
    </ClInclude>
    <ClInclude Include="GameObjects\BoundingBoxTest.h">
      <Filter>GameObjects\CollisionDetectionTools</Filter>
    </ClInclude>
    <ClInclude Include="GameObjects\AxesEnum.h">
      <Filter>GameObjects\CollisionDetectionTools</Filter>
    </ClInclude>
    <ClInclude Include="GameObjects\GameObjectTypeEnum.h">
      <Filter>GameObjects\CollisionDetectionTools</Filter>
    </ClInclude>
    <ClInclude Include="GameObjects\CollisionDetectionTools\PrecisionCollision.h">
      <Filter>GameObjects\CollisionDetectionTools</Filter>
    </ClInclude>
  </ItemGroup>
  <ItemGroup>
    <None Include="..\..\Simple3DGameDX\Cpp\Assets\seafloor.dds">
      <Filter>Assets</Filter>
    </None>
    <None Include="..\..\Simple3DGameDX\Cpp\Assets\cellceiling.dds">
      <Filter>Assets</Filter>
    </None>
    <None Include="..\..\Simple3DGameDX\Cpp\Assets\cellfloor.dds">
      <Filter>Assets</Filter>
    </None>
    <None Include="..\..\Simple3DGameDX\Cpp\Assets\cellwall.dds">
      <Filter>Assets</Filter>
    </None>
    <None Include="..\..\Simple3DGameDX\Cpp\Assets\metal_texture.dds">
      <Filter>Assets</Filter>
    </None>
    <None Include="..\..\Simple3DGameDX\Cpp\Assets\hit.wav">
      <Filter>Assets</Filter>
    </None>
    <None Include="..\..\Simple3DGameDX\Cpp\Assets\bounce.wav">
      <Filter>Assets</Filter>
    </None>
    <None Include="Assets\nightfloor.dds">
      <Filter>Assets</Filter>
    </None>
    <None Include="Assets\nightwall.dds">
      <Filter>Assets</Filter>
    </None>
    <None Include="Assets\dayfloor.dds">
      <Filter>Assets</Filter>
    </None>
    <None Include="Assets\daywall.dds">
      <Filter>Assets</Filter>
    </None>
    <None Include="Shaders\ConstantBuffers.hlsli">
      <Filter>Shaders</Filter>
    </None>
  </ItemGroup>
  <ItemGroup>
    <Filter Include="Resources">
      <UniqueIdentifier>{5be3ad52-f77b-4fbc-9ec2-3381dd314b98}</UniqueIdentifier>
    </Filter>
    <Filter Include="Shaders">
      <UniqueIdentifier>{69cfb676-6e3a-4c9d-861d-3f5e9d24a277}</UniqueIdentifier>
    </Filter>
    <Filter Include="Utilities">
      <UniqueIdentifier>{260477dc-eb0d-476f-9d45-1743445107b4}</UniqueIdentifier>
    </Filter>
    <Filter Include="Audio">
      <UniqueIdentifier>{72909f3a-2c00-4263-9766-8ee2b114bcae}</UniqueIdentifier>
    </Filter>
    <Filter Include="GameLevels">
      <UniqueIdentifier>{cfb3c462-d80b-428d-b925-04efae3c3063}</UniqueIdentifier>
    </Filter>
    <Filter Include="GameObjects">
      <UniqueIdentifier>{2a18d3d9-8cf2-457a-837c-487587790f7c}</UniqueIdentifier>
    </Filter>
    <Filter Include="Input">
      <UniqueIdentifier>{97202ee7-8266-4e1a-a23a-09c15f34c62e}</UniqueIdentifier>
    </Filter>
    <Filter Include="Rendering">
      <UniqueIdentifier>{2951b2bf-38d8-4a1e-9d3e-ffeb80d7c7b4}</UniqueIdentifier>
    </Filter>
    <Filter Include="Meshes">
      <UniqueIdentifier>{5ea79a3d-9f42-49ec-bf40-6849d3a09f11}</UniqueIdentifier>
    </Filter>
    <Filter Include="Core">
      <UniqueIdentifier>{21f80435-a227-4979-8fc8-5c5ae964f1ff}</UniqueIdentifier>
    </Filter>
    <Filter Include="Assets\Images">
      <UniqueIdentifier>{a3a29e1b-cf1c-46b4-9f0f-5298227d9f59}</UniqueIdentifier>
    </Filter>
    <Filter Include="Assets\Sounds">
      <UniqueIdentifier>{82a3d2f1-b88c-49de-9133-c747eca4a2c6}</UniqueIdentifier>
    </Filter>
    <Filter Include="Assets\Videos">
      <UniqueIdentifier>{3b3487ff-7893-45af-8369-8051d4d592d0}</UniqueIdentifier>
    </Filter>
    <Filter Include="Assets\Textures">
      <UniqueIdentifier>{3de9dec1-3545-43cc-8401-ea7dad802f3f}</UniqueIdentifier>
    </Filter>
    <Filter Include="GameObjects\CollisionDetectionTools">
      <UniqueIdentifier>{ffaf08bb-29f7-4352-9b49-db8dad88fdeb}</UniqueIdentifier>
    </Filter>
  </ItemGroup>
  <ItemGroup>
    <AppxManifest Include="Package.appxmanifest" />
  </ItemGroup>
  <ItemGroup>
    <Xml Include="TrialLicense.xml" />
    <Xml Include="FullLicense.xml" />
  </ItemGroup>
  <ItemGroup>
    <FxCompile Include="Shaders\PixelShader.hlsl">
      <Filter>Shaders</Filter>
    </FxCompile>
    <FxCompile Include="Shaders\PixelShaderFlat.hlsl">
      <Filter>Shaders</Filter>
    </FxCompile>
    <FxCompile Include="Shaders\VertexShader.hlsl">
      <Filter>Shaders</Filter>
    </FxCompile>
    <FxCompile Include="Shaders\VertexShaderFlat.hlsl">
      <Filter>Shaders</Filter>
    </FxCompile>
  </ItemGroup>
  <ItemGroup>
    <Media Include="Assets\Sounds\VO_Intro.wav">
      <Filter>Assets\Sounds</Filter>
    </Media>
    <Media Include="Assets\Sounds\VO_Pirate.wav">
      <Filter>Assets\Sounds</Filter>
    </Media>
    <Media Include="Assets\Sounds\VO_Japanese.wav">
      <Filter>Assets\Sounds</Filter>
    </Media>
    <Media Include="Assets\Sounds\VO_Southern.wav">
      <Filter>Assets\Sounds</Filter>
    </Media>
    <Media Include="Assets\Sounds\VO_Mom.wav">
      <Filter>Assets\Sounds</Filter>
    </Media>
    <Media Include="Assets\Sounds\VO_Demon.wav">
      <Filter>Assets\Sounds</Filter>
    </Media>
    <Media Include="Assets\Sounds\VO_Spanish.wav">
      <Filter>Assets\Sounds</Filter>
    </Media>
    <Media Include="Assets\Videos\Intro_Video.mp4">
      <Filter>Assets\Videos</Filter>
    </Media>
  </ItemGroup>
</Project>